
Microsoft Visual Studio Solution File, Format Version 12.00
# Visual Studio 15
VisualStudioVersion = 15.0.26730.10
MinimumVisualStudioVersion = 10.0.40219.1
Project("{FAE04EC0-301F-11D3-BF4B-00C04F79EFBC}") = "Query2CSV", "Query2CSV\Query2CSV.csproj", "{E8369548-3DAC-4B86-B486-07B5327181F9}"
EndProject
Global
	GlobalSection(SolutionConfigurationPlatforms) = preSolution
		Debug|Any CPU = Debug|Any CPU
		Release|Any CPU = Release|Any CPU
	EndGlobalSection
	GlobalSection(ProjectConfigurationPlatforms) = postSolution
		{E8369548-3DAC-4B86-B486-07B5327181F9}.Debug|Any CPU.ActiveCfg = Debug|Any CPU
		{E8369548-3DAC-4B86-B486-07B5327181F9}.Debug|Any CPU.Build.0 = Debug|Any CPU
		{E8369548-3DAC-4B86-B486-07B5327181F9}.Release|Any CPU.ActiveCfg = Release|Any CPU
		{E8369548-3DAC-4B86-B486-07B5327181F9}.Release|Any CPU.Build.0 = Release|Any CPU
	EndGlobalSection
	GlobalSection(SolutionProperties) = preSolution
		HideSolutionNode = FALSE
	EndGlobalSection
	GlobalSection(ExtensibilityGlobals) = postSolution
		SolutionGuid = {A9056081-7302-42A3-906A-E935B1E9644B}
	EndGlobalSection
EndGlobal
